PODS:
  - EVTPhoneAreaCodeViewController (0.1.0):
    - Masonry (~> 1.0)
  - Masonry (1.0.1)

DEPENDENCIES:
  - EVTPhoneAreaCodeViewController (from `../`)

EXTERNAL SOURCES:
  EVTPhoneAreaCodeViewController:
    :path: "../"

SPEC CHECKSUMS:
  EVTPhoneAreaCodeViewController: 22e10603b65e078569e166c93d5abe21bba9c9c0
  Masonry: a1a931a0d08870ed8ae415a2ea5ea68ebcac77df

PODFILE CHECKSUM: 60034dc0f2e1cde713319be2c7bfe9d58875389f

COCOAPODS: 1.0.1
